
Microsoft Visual Studio Solution File, Format Version 12.00
# Visual Studio Version 16
VisualStudioVersion = 16.0.30002.166
MinimumVisualStudioVersion = 10.0.40219.1
Project("{9A19103F-16F7-4668-BE54-9A1E7A4F7556}") = "buddy2patcher", "buddy2patcher\buddy2patcher.csproj", "{82FB35B0-292F-4F7B-BC58-932E9E0B4A9E}"
EndProject
Project("{FAE04EC0-301F-11D3-BF4B-00C04F79EFBC}") = "Tests", "Tests\Tests.csproj", "{D84249CF-A751-4796-BE17-3787A2D48B11}"
EndProject
Global
	GlobalSection(SolutionConfigurationPlatforms) = preSolution
		Debug|Any CPU = Debug|Any CPU
		Release|Any CPU = Release|Any CPU
	EndGlobalSection
	GlobalSection(ProjectConfigurationPlatforms) = postSolution
		{82FB35B0-292F-4F7B-BC58-932E9E0B4A9E}.Debug|Any CPU.ActiveCfg = Debug|Any CPU
		{82FB35B0-292F-4F7B-BC58-932E9E0B4A9E}.Debug|Any CPU.Build.0 = Debug|Any CPU
		{82FB35B0-292F-4F7B-BC58-932E9E0B4A9E}.Release|Any CPU.ActiveCfg = Release|Any CPU
		{82FB35B0-292F-4F7B-BC58-932E9E0B4A9E}.Release|Any CPU.Build.0 = Release|Any CPU
		{D84249CF-A751-4796-BE17-3787A2D48B11}.Debug|Any CPU.ActiveCfg = Debug|Any CPU
		{D84249CF-A751-4796-BE17-3787A2D48B11}.Debug|Any CPU.Build.0 = Debug|Any CPU
		{D84249CF-A751-4796-BE17-3787A2D48B11}.Release|Any CPU.ActiveCfg = Release|Any CPU
		{D84249CF-A751-4796-BE17-3787A2D48B11}.Release|Any CPU.Build.0 = Release|Any CPU
	EndGlobalSection
	GlobalSection(SolutionProperties) = preSolution
		HideSolutionNode = FALSE
	EndGlobalSection
	GlobalSection(ExtensibilityGlobals) = postSolution
		SolutionGuid = {66EE8B0D-E292-49DE-952C-4E3EDEA1DCBC}
	EndGlobalSection
EndGlobal
